
Microsoft Visual Studio Solution File, Format Version 12.00
# Visual Studio Version 16
VisualStudioVersion = 16.0.29709.97
MinimumVisualStudioVersion = 10.0.40219.1
Project("{FAE04EC0-301F-11D3-BF4B-00C04F79EFBC}") = "OnlineTourism.Web", "OnlineTourism.Web\OnlineTourism.Web.csproj", "{D7E6F8AD-5892-4CA3-9864-A6DF7A7B1B5E}"
EndProject
Project("{FAE04EC0-301F-11D3-BF4B-00C04F79EFBC}") = "OnlineTourism.Entity", "OnlineTourism.Entity\OnlineTourism.Entity.csproj", "{60DCBE98-5C86-41D7-866B-851E1BAAB45A}"
EndProject
Project("{FAE04EC0-301F-11D3-BF4B-00C04F79EFBC}") = "OnlineTourism.DAL", "OnlineTourism.DAL\OnlineTourism.DAL.csproj", "{05523AC1-094E-480A-8503-B556CA9FD703}"
EndProject
Global
	GlobalSection(SolutionConfigurationPlatforms) = preSolution
		Debug|Any CPU = Debug|Any CPU
		Release|Any CPU = Release|Any CPU
	EndGlobalSection
	GlobalSection(ProjectConfigurationPlatforms) = postSolution
		{D7E6F8AD-5892-4CA3-9864-A6DF7A7B1B5E}.Debug|Any CPU.ActiveCfg = Debug|Any CPU
		{D7E6F8AD-5892-4CA3-9864-A6DF7A7B1B5E}.Debug|Any CPU.Build.0 = Debug|Any CPU
		{D7E6F8AD-5892-4CA3-9864-A6DF7A7B1B5E}.Release|Any CPU.ActiveCfg = Release|Any CPU
		{D7E6F8AD-5892-4CA3-9864-A6DF7A7B1B5E}.Release|Any CPU.Build.0 = Release|Any CPU
		{60DCBE98-5C86-41D7-866B-851E1BAAB45A}.Debug|Any CPU.ActiveCfg = Debug|Any CPU
		{60DCBE98-5C86-41D7-866B-851E1BAAB45A}.Debug|Any CPU.Build.0 = Debug|Any CPU
		{60DCBE98-5C86-41D7-866B-851E1BAAB45A}.Release|Any CPU.ActiveCfg = Release|Any CPU
		{60DCBE98-5C86-41D7-866B-851E1BAAB45A}.Release|Any CPU.Build.0 = Release|Any CPU
		{05523AC1-094E-480A-8503-B556CA9FD703}.Debug|Any CPU.ActiveCfg = Debug|Any CPU
		{05523AC1-094E-480A-8503-B556CA9FD703}.Debug|Any CPU.Build.0 = Debug|Any CPU
		{05523AC1-094E-480A-8503-B556CA9FD703}.Release|Any CPU.ActiveCfg = Release|Any CPU
		{05523AC1-094E-480A-8503-B556CA9FD703}.Release|Any CPU.Build.0 = Release|Any CPU
	EndGlobalSection
	GlobalSection(SolutionProperties) = preSolution
		HideSolutionNode = FALSE
	EndGlobalSection
	GlobalSection(ExtensibilityGlobals) = postSolution
		SolutionGuid = {9410245B-C257-4699-A45D-83EE61827ED7}
	EndGlobalSection
EndGlobal
